// !$*UTF8*$!
{
	archiveVersion = 1;
	classes = {
	};
	objectVersion = 51;
	objects = {

/* Begin PBXBuildFile section */
		3B1A775925C3527400491AE4 /* ExchangesApi.swift in Sources */ = {isa = PBXBuildFile; fileRef = 3B1A775825C3527400491AE4 /* ExchangesApi.swift */; };
		3B1A775E25C3555100491AE4 /* Rates.swift in Sources */ = {isa = PBXBuildFile; fileRef = 3B1A775D25C3555100491AE4 /* Rates.swift */; };
		3B319D1F25C32F6E007F0C75 /* AppDelegate.swift in Sources */ = {isa = PBXBuildFile; fileRef = 3B319D1E25C32F6E007F0C75 /* AppDelegate.swift */; };
		3B319D2125C32F6E007F0C75 /* SceneDelegate.swift in Sources */ = {isa = PBXBuildFile; fileRef = 3B319D2025C32F6E007F0C75 /* SceneDelegate.swift */; };
		3B319D2825C32F6F007F0C75 /* Assets.xcassets in Resources */ = {isa = PBXBuildFile; fileRef = 3B319D2725C32F6F007F0C75 /* Assets.xcassets */; };
		3B319D2B25C32F6F007F0C75 /* LaunchScreen.storyboard in Resources */ = {isa = PBXBuildFile; fileRef = 3B319D2925C32F6F007F0C75 /* LaunchScreen.storyboard */; };
		3B319D3625C32F6F007F0C75 /* ExchangesTests.swift in Sources */ = {isa = PBXBuildFile; fileRef = 3B319D3525C32F6F007F0C75 /* ExchangesTests.swift */; };
		3B319D4125C32F70007F0C75 /* ExchangesUITests.swift in Sources */ = {isa = PBXBuildFile; fileRef = 3B319D4025C32F70007F0C75 /* ExchangesUITests.swift */; };
		3B319D6325C33337007F0C75 /* ExchangesListView.swift in Sources */ = {isa = PBXBuildFile; fileRef = 3B319D6225C33337007F0C75 /* ExchangesListView.swift */; };
		3B319D6825C33346007F0C75 /* ExchangesListViewModel.swift in Sources */ = {isa = PBXBuildFile; fileRef = 3B319D6725C33346007F0C75 /* ExchangesListViewModel.swift */; };
		3B319D6D25C33383007F0C75 /* ExchangesDetailViewModel.swift in Sources */ = {isa = PBXBuildFile; fileRef = 3B319D6C25C33383007F0C75 /* ExchangesDetailViewModel.swift */; };
		3B319D7225C333AB007F0C75 /* ExchangesDetailView.swift in Sources */ = {isa = PBXBuildFile; fileRef = 3B319D7125C333AB007F0C75 /* ExchangesDetailView.swift */; };
		3BD5248525C3370A00BD22DD /* ExchangesListCoordinator.swift in Sources */ = {isa = PBXBuildFile; fileRef = 3BD5248425C3370A00BD22DD /* ExchangesListCoordinator.swift */; };
		3BD5248A25C3372700BD22DD /* Coordinator.swift in Sources */ = {isa = PBXBuildFile; fileRef = 3BD5248925C3372700BD22DD /* Coordinator.swift */; };
		3BD5248F25C338DA00BD22DD /* AppCoordinator.swift in Sources */ = {isa = PBXBuildFile; fileRef = 3BD5248E25C338DA00BD22DD /* AppCoordinator.swift */; };
		3BD5249425C339FE00BD22DD /* ExchangesDetailCoordinator.swift in Sources */ = {isa = PBXBuildFile; fileRef = 3BD5249325C339FE00BD22DD /* ExchangesDetailCoordinator.swift */; };
		9EA804D9265ACE6608157905 /* Pods_Exchanges_ExchangesUITests.framework in Frameworks */ = {isa = PBXBuildFile; fileRef = 702AA898A68A7397A7A96414 /* Pods_Exchanges_ExchangesUITests.framework */; };
		EDE9F35FBBA4832302DA49A8 /* Pods_Exchanges.framework in Frameworks */ = {isa = PBXBuildFile; fileRef = A22BC1AE28193F33D89A915D /* Pods_Exchanges.framework */; };
		F2FA749388BDC13D47248398 /* Pods_ExchangesTests.framework in Frameworks */ = {isa = PBXBuildFile; fileRef = C4AA2B328986CE4B174ED040 /* Pods_ExchangesTests.framework */; };
/* End PBXBuildFile section */

/* Begin PBXContainerItemProxy section */
		3B319D3225C32F6F007F0C75 /* PBXContainerItemProxy */ = {
			isa = PBXContainerItemProxy;
			containerPortal = 3B319D1325C32F6E007F0C75 /* Project object */;
			proxyType = 1;
			remoteGlobalIDString = 3B319D1A25C32F6E007F0C75;
			remoteInfo = Exchanges;
		};
		3B319D3D25C32F6F007F0C75 /* PBXContainerItemProxy */ = {
			isa = PBXContainerItemProxy;
			containerPortal = 3B319D1325C32F6E007F0C75 /* Project object */;
			proxyType = 1;
			remoteGlobalIDString = 3B319D1A25C32F6E007F0C75;
			remoteInfo = Exchanges;
		};
/* End PBXContainerItemProxy section */

/* Begin PBXFileReference section */
		2E73F61102542C10DEA11CB1 /* Pods-Exchanges-ExchangesUITests.release.xcconfig */ = {isa = PBXFileReference; includeInIndex = 1; lastKnownFileType = text.xcconfig; name = "Pods-Exchanges-ExchangesUITests.release.xcconfig"; path = "Target Support Files/Pods-Exchanges-ExchangesUITests/Pods-Exchanges-ExchangesUITests.release.xcconfig"; sourceTree = "<group>"; };
		3B1A775825C3527400491AE4 /* ExchangesApi.swift */ = {isa = PBXFileReference; lastKnownFileType = sourcecode.swift; path = ExchangesApi.swift; sourceTree = "<group>"; };
		3B1A775D25C3555100491AE4 /* Rates.swift */ = {isa = PBXFileReference; lastKnownFileType = sourcecode.swift; path = Rates.swift; sourceTree = "<group>"; };
		3B319D1B25C32F6E007F0C75 /* Exchanges.app */ = {isa = PBXFileReference; explicitFileType = wrapper.application; includeInIndex = 0; path = Exchanges.app; sourceTree = BUILT_PRODUCTS_DIR; };
		3B319D1E25C32F6E007F0C75 /* AppDelegate.swift */ = {isa = PBXFileReference; lastKnownFileType = sourcecode.swift; path = AppDelegate.swift; sourceTree = "<group>"; };
		3B319D2025C32F6E007F0C75 /* SceneDelegate.swift */ = {isa = PBXFileReference; lastKnownFileType = sourcecode.swift; path = SceneDelegate.swift; sourceTree = "<group>"; };
		3B319D2725C32F6F007F0C75 /* Assets.xcassets */ = {isa = PBXFileReference; lastKnownFileType = folder.assetcatalog; path = Assets.xcassets; sourceTree = "<group>"; };
		3B319D2A25C32F6F007F0C75 /* Base */ = {isa = PBXFileReference; lastKnownFileType = file.storyboard; name = Base; path = Base.lproj/LaunchScreen.storyboard; sourceTree = "<group>"; };
		3B319D2C25C32F6F007F0C75 /* Info.plist */ = {isa = PBXFileReference; lastKnownFileType = text.plist.xml; path = Info.plist; sourceTree = "<group>"; };
		3B319D3125C32F6F007F0C75 /* ExchangesTests.xctest */ = {isa = PBXFileReference; explicitFileType = wrapper.cfbundle; includeInIndex = 0; path = ExchangesTests.xctest; sourceTree = BUILT_PRODUCTS_DIR; };
		3B319D3525C32F6F007F0C75 /* ExchangesTests.swift */ = {isa = PBXFileReference; lastKnownFileType = sourcecode.swift; path = ExchangesTests.swift; sourceTree = "<group>"; };
		3B319D3725C32F6F007F0C75 /* Info.plist */ = {isa = PBXFileReference; lastKnownFileType = text.plist.xml; path = Info.plist; sourceTree = "<group>"; };
		3B319D3C25C32F6F007F0C75 /* ExchangesUITests.xctest */ = {isa = PBXFileReference; explicitFileType = wrapper.cfbundle; includeInIndex = 0; path = ExchangesUITests.xctest; sourceTree = BUILT_PRODUCTS_DIR; };
		3B319D4025C32F70007F0C75 /* ExchangesUITests.swift */ = {isa = PBXFileReference; lastKnownFileType = sourcecode.swift; path = ExchangesUITests.swift; sourceTree = "<group>"; };
		3B319D4225C32F70007F0C75 /* Info.plist */ = {isa = PBXFileReference; lastKnownFileType = text.plist.xml; path = Info.plist; sourceTree = "<group>"; };
		3B319D6225C33337007F0C75 /* ExchangesListView.swift */ = {isa = PBXFileReference; lastKnownFileType = sourcecode.swift; path = ExchangesListView.swift; sourceTree = "<group>"; };
		3B319D6725C33346007F0C75 /* ExchangesListViewModel.swift */ = {isa = PBXFileReference; lastKnownFileType = sourcecode.swift; path = ExchangesListViewModel.swift; sourceTree = "<group>"; };
		3B319D6C25C33383007F0C75 /* ExchangesDetailViewModel.swift */ = {isa = PBXFileReference; lastKnownFileType = sourcecode.swift; path = ExchangesDetailViewModel.swift; sourceTree = "<group>"; };
		3B319D7125C333AB007F0C75 /* ExchangesDetailView.swift */ = {isa = PBXFileReference; lastKnownFileType = sourcecode.swift; path = ExchangesDetailView.swift; sourceTree = "<group>"; };
		3BD5248425C3370A00BD22DD /* ExchangesListCoordinator.swift */ = {isa = PBXFileReference; lastKnownFileType = sourcecode.swift; path = ExchangesListCoordinator.swift; sourceTree = "<group>"; };
		3BD5248925C3372700BD22DD /* Coordinator.swift */ = {isa = PBXFileReference; lastKnownFileType = sourcecode.swift; path = Coordinator.swift; sourceTree = "<group>"; };
		3BD5248E25C338DA00BD22DD /* AppCoordinator.swift */ = {isa = PBXFileReference; lastKnownFileType = sourcecode.swift; path = AppCoordinator.swift; sourceTree = "<group>"; };
		3BD5249325C339FE00BD22DD /* ExchangesDetailCoordinator.swift */ = {isa = PBXFileReference; lastKnownFileType = sourcecode.swift; path = ExchangesDetailCoordinator.swift; sourceTree = "<group>"; };
		702AA898A68A7397A7A96414 /* Pods_Exchanges_ExchangesUITests.framework */ = {isa = PBXFileReference; explicitFileType = wrapper.framework; includeInIndex = 0; path = Pods_Exchanges_ExchangesUITests.framework; sourceTree = BUILT_PRODUCTS_DIR; };
		9B428E3FAC3F546F0DEE2205 /* Pods-ExchangesTests.release.xcconfig */ = {isa = PBXFileReference; includeInIndex = 1; lastKnownFileType = text.xcconfig; name = "Pods-ExchangesTests.release.xcconfig"; path = "Target Support Files/Pods-ExchangesTests/Pods-ExchangesTests.release.xcconfig"; sourceTree = "<group>"; };
		9C087DC45CB1D375D93B1556 /* Pods-Exchanges.release.xcconfig */ = {isa = PBXFileReference; includeInIndex = 1; lastKnownFileType = text.xcconfig; name = "Pods-Exchanges.release.xcconfig"; path = "Target Support Files/Pods-Exchanges/Pods-Exchanges.release.xcconfig"; sourceTree = "<group>"; };
		A22BC1AE28193F33D89A915D /* Pods_Exchanges.framework */ = {isa = PBXFileReference; explicitFileType = wrapper.framework; includeInIndex = 0; path = Pods_Exchanges.framework; sourceTree = BUILT_PRODUCTS_DIR; };
		B978C799668EF86F584015D2 /* Pods-Exchanges-ExchangesUITests.debug.xcconfig */ = {isa = PBXFileReference; includeInIndex = 1; lastKnownFileType = text.xcconfig; name = "Pods-Exchanges-ExchangesUITests.debug.xcconfig"; path = "Target Support Files/Pods-Exchanges-ExchangesUITests/Pods-Exchanges-ExchangesUITests.debug.xcconfig"; sourceTree = "<group>"; };
		C4AA2B328986CE4B174ED040 /* Pods_ExchangesTests.framework */ = {isa = PBXFileReference; explicitFileType = wrapper.framework; includeInIndex = 0; path = Pods_ExchangesTests.framework; sourceTree = BUILT_PRODUCTS_DIR; };
		DFC4DEB3C7C3D6D90668F936 /* Pods-Exchanges.debug.xcconfig */ = {isa = PBXFileReference; includeInIndex = 1; lastKnownFileType = text.xcconfig; name = "Pods-Exchanges.debug.xcconfig"; path = "Target Support Files/Pods-Exchanges/Pods-Exchanges.debug.xcconfig"; sourceTree = "<group>"; };
		F5B8724E6A5E131EEB4B242E /* Pods-ExchangesTests.debug.xcconfig */ = {isa = PBXFileReference; includeInIndex = 1; lastKnownFileType = text.xcconfig; name = "Pods-ExchangesTests.debug.xcconfig"; path = "Target Support Files/Pods-ExchangesTests/Pods-ExchangesTests.debug.xcconfig"; sourceTree = "<group>"; };
/* End PBXFileReference section */

/* Begin PBXFrameworksBuildPhase section */
		3B319D1825C32F6E007F0C75 /* Frameworks */ = {
			isa = PBXFrameworksBuildPhase;
			buildActionMask = 2147483647;
			files = (
				EDE9F35FBBA4832302DA49A8 /* Pods_Exchanges.framework in Frameworks */,
			);
			runOnlyForDeploymentPostprocessing = 0;
		};
		3B319D2E25C32F6F007F0C75 /* Frameworks */ = {
			isa = PBXFrameworksBuildPhase;
			buildActionMask = 2147483647;
			files = (
				F2FA749388BDC13D47248398 /* Pods_ExchangesTests.framework in Frameworks */,
			);
			runOnlyForDeploymentPostprocessing = 0;
		};
		3B319D3925C32F6F007F0C75 /* Frameworks */ = {
			isa = PBXFrameworksBuildPhase;
			buildActionMask = 2147483647;
			files = (
				9EA804D9265ACE6608157905 /* Pods_Exchanges_ExchangesUITests.framework in Frameworks */,
			);
			runOnlyForDeploymentPostprocessing = 0;
		};
/* End PBXFrameworksBuildPhase section */

/* Begin PBXGroup section */
		3B319D1225C32F6E007F0C75 = {
			isa = PBXGroup;
			children = (
				3B319D1D25C32F6E007F0C75 /* Exchanges */,
				3B319D3425C32F6F007F0C75 /* ExchangesTests */,
				3B319D3F25C32F70007F0C75 /* ExchangesUITests */,
				3B319D1C25C32F6E007F0C75 /* Products */,
				6A936FA87A4A7A8A2A8F1F95 /* Pods */,
				C89A0788F70C28A524B4362B /* Frameworks */,
			);
			sourceTree = "<group>";
		};
		3B319D1C25C32F6E007F0C75 /* Products */ = {
			isa = PBXGroup;
			children = (
				3B319D1B25C32F6E007F0C75 /* Exchanges.app */,
				3B319D3125C32F6F007F0C75 /* ExchangesTests.xctest */,
				3B319D3C25C32F6F007F0C75 /* ExchangesUITests.xctest */,
			);
			name = Products;
			sourceTree = "<group>";
		};
		3B319D1D25C32F6E007F0C75 /* Exchanges */ = {
			isa = PBXGroup;
			children = (
				3B319D5925C332B2007F0C75 /* Utilities */,
				3B319D5425C3328D007F0C75 /* Scenes */,
				3B319D5325C33243007F0C75 /* Model */,
				3B319D5225C3322C007F0C75 /* Architecture */,
				3B319D5125C33226007F0C75 /* Services */,
			);
			path = Exchanges;
			sourceTree = "<group>";
		};
		3B319D3425C32F6F007F0C75 /* ExchangesTests */ = {
			isa = PBXGroup;
			children = (
				3B319D3525C32F6F007F0C75 /* ExchangesTests.swift */,
				3B319D3725C32F6F007F0C75 /* Info.plist */,
			);
			path = ExchangesTests;
			sourceTree = "<group>";
		};
		3B319D3F25C32F70007F0C75 /* ExchangesUITests */ = {
			isa = PBXGroup;
			children = (
				3B319D4025C32F70007F0C75 /* ExchangesUITests.swift */,
				3B319D4225C32F70007F0C75 /* Info.plist */,
			);
			path = ExchangesUITests;
			sourceTree = "<group>";
		};
		3B319D5125C33226007F0C75 /* Services */ = {
			isa = PBXGroup;
			children = (
				3B1A775825C3527400491AE4 /* ExchangesApi.swift */,
			);
			path = Services;
			sourceTree = "<group>";
		};
		3B319D5225C3322C007F0C75 /* Architecture */ = {
			isa = PBXGroup;
			children = (
				3B319D1E25C32F6E007F0C75 /* AppDelegate.swift */,
				3B319D2025C32F6E007F0C75 /* SceneDelegate.swift */,
				3BD5248925C3372700BD22DD /* Coordinator.swift */,
				3BD5248E25C338DA00BD22DD /* AppCoordinator.swift */,
			);
			path = Architecture;
			sourceTree = "<group>";
		};
		3B319D5325C33243007F0C75 /* Model */ = {
			isa = PBXGroup;
			children = (
				3B1A775D25C3555100491AE4 /* Rates.swift */,
			);
			path = Model;
			sourceTree = "<group>";
		};
		3B319D5425C3328D007F0C75 /* Scenes */ = {
			isa = PBXGroup;
			children = (
				3B319D5E25C33303007F0C75 /* ExchangesDetail */,
				3B319D5D25C332E2007F0C75 /* ExchangesList */,
			);
			path = Scenes;
			sourceTree = "<group>";
		};
		3B319D5925C332B2007F0C75 /* Utilities */ = {
			isa = PBXGroup;
			children = (
				3B319D2725C32F6F007F0C75 /* Assets.xcassets */,
				3B319D2925C32F6F007F0C75 /* LaunchScreen.storyboard */,
				3B319D2C25C32F6F007F0C75 /* Info.plist */,
			);
			path = Utilities;
			sourceTree = "<group>";
		};
		3B319D5D25C332E2007F0C75 /* ExchangesList */ = {
			isa = PBXGroup;
			children = (
				3B319D6225C33337007F0C75 /* ExchangesListView.swift */,
				3B319D6725C33346007F0C75 /* ExchangesListViewModel.swift */,
				3BD5248425C3370A00BD22DD /* ExchangesListCoordinator.swift */,
			);
			path = ExchangesList;
			sourceTree = "<group>";
		};
		3B319D5E25C33303007F0C75 /* ExchangesDetail */ = {
			isa = PBXGroup;
			children = (
				3B319D6C25C33383007F0C75 /* ExchangesDetailViewModel.swift */,
				3B319D7125C333AB007F0C75 /* ExchangesDetailView.swift */,
				3BD5249325C339FE00BD22DD /* ExchangesDetailCoordinator.swift */,
			);
			path = ExchangesDetail;
			sourceTree = "<group>";
		};
		6A936FA87A4A7A8A2A8F1F95 /* Pods */ = {
			isa = PBXGroup;
			children = (
				DFC4DEB3C7C3D6D90668F936 /* Pods-Exchanges.debug.xcconfig */,
				9C087DC45CB1D375D93B1556 /* Pods-Exchanges.release.xcconfig */,
				B978C799668EF86F584015D2 /* Pods-Exchanges-ExchangesUITests.debug.xcconfig */,
				2E73F61102542C10DEA11CB1 /* Pods-Exchanges-ExchangesUITests.release.xcconfig */,
				F5B8724E6A5E131EEB4B242E /* Pods-ExchangesTests.debug.xcconfig */,
				9B428E3FAC3F546F0DEE2205 /* Pods-ExchangesTests.release.xcconfig */,
			);
			path = Pods;
			sourceTree = "<group>";
		};
		C89A0788F70C28A524B4362B /* Frameworks */ = {
			isa = PBXGroup;
			children = (
				A22BC1AE28193F33D89A915D /* Pods_Exchanges.framework */,
				702AA898A68A7397A7A96414 /* Pods_Exchanges_ExchangesUITests.framework */,
				C4AA2B328986CE4B174ED040 /* Pods_ExchangesTests.framework */,
			);
			name = Frameworks;
			sourceTree = "<group>";
		};
/* End PBXGroup section */

/* Begin PBXNativeTarget section */
		3B319D1A25C32F6E007F0C75 /* Exchanges */ = {
			isa = PBXNativeTarget;
			buildConfigurationList = 3B319D4525C32F70007F0C75 /* Build configuration list for PBXNativeTarget "Exchanges" */;
			buildPhases = (
				6B274490B9FA96C3A8FAB940 /* [CP] Check Pods Manifest.lock */,
				3B319D1725C32F6E007F0C75 /* Sources */,
				3B319D1825C32F6E007F0C75 /* Frameworks */,
				3B319D1925C32F6E007F0C75 /* Resources */,
			);
			buildRules = (
			);
			dependencies = (
			);
			name = Exchanges;
			productName = Exchanges;
			productReference = 3B319D1B25C32F6E007F0C75 /* Exchanges.app */;
			productType = "com.apple.product-type.application";
		};
		3B319D3025C32F6F007F0C75 /* ExchangesTests */ = {
			isa = PBXNativeTarget;
			buildConfigurationList = 3B319D4825C32F70007F0C75 /* Build configuration list for PBXNativeTarget "ExchangesTests" */;
			buildPhases = (
				C64542FEA0360FA4A8B6E869 /* [CP] Check Pods Manifest.lock */,
				3B319D2D25C32F6F007F0C75 /* Sources */,
				3B319D2E25C32F6F007F0C75 /* Frameworks */,
				3B319D2F25C32F6F007F0C75 /* Resources */,
			);
			buildRules = (
			);
			dependencies = (
				3B319D3325C32F6F007F0C75 /* PBXTargetDependency */,
			);
			name = ExchangesTests;
			productName = ExchangesTests;
			productReference = 3B319D3125C32F6F007F0C75 /* ExchangesTests.xctest */;
			productType = "com.apple.product-type.bundle.unit-test";
		};
		3B319D3B25C32F6F007F0C75 /* ExchangesUITests */ = {
			isa = PBXNativeTarget;
			buildConfigurationList = 3B319D4B25C32F70007F0C75 /* Build configuration list for PBXNativeTarget "ExchangesUITests" */;
			buildPhases = (
				66937542270709C7DA869549 /* [CP] Check Pods Manifest.lock */,
				3B319D3825C32F6F007F0C75 /* Sources */,
				3B319D3925C32F6F007F0C75 /* Frameworks */,
				3B319D3A25C32F6F007F0C75 /* Resources */,
			);
			buildRules = (
			);
			dependencies = (
				3B319D3E25C32F6F007F0C75 /* PBXTargetDependency */,
			);
			name = ExchangesUITests;
			productName = ExchangesUITests;
			productReference = 3B319D3C25C32F6F007F0C75 /* ExchangesUITests.xctest */;
			productType = "com.apple.product-type.bundle.ui-testing";
		};
/* End PBXNativeTarget section */

/* Begin PBXProject section */
		3B319D1325C32F6E007F0C75 /* Project object */ = {
			isa = PBXProject;
			attributes = {
				LastSwiftUpdateCheck = 1230;
				LastUpgradeCheck = 1230;
				TargetAttributes = {
					3B319D1A25C32F6E007F0C75 = {
						CreatedOnToolsVersion = 12.3;
					};
					3B319D3025C32F6F007F0C75 = {
						CreatedOnToolsVersion = 12.3;
						TestTargetID = 3B319D1A25C32F6E007F0C75;
					};
					3B319D3B25C32F6F007F0C75 = {
						CreatedOnToolsVersion = 12.3;
						TestTargetID = 3B319D1A25C32F6E007F0C75;
					};
				};
			};
			buildConfigurationList = 3B319D1625C32F6E007F0C75 /* Build configuration list for PBXProject "Exchanges" */;
			compatibilityVersion = "Xcode 9.3";
			developmentRegion = en;
			hasScannedForEncodings = 0;
			knownRegions = (
				en,
				Base,
			);
			mainGroup = 3B319D1225C32F6E007F0C75;
			productRefGroup = 3B319D1C25C32F6E007F0C75 /* Products */;
			projectDirPath = "";
			projectRoot = "";
			targets = (
				3B319D1A25C32F6E007F0C75 /* Exchanges */,
				3B319D3025C32F6F007F0C75 /* ExchangesTests */,
				3B319D3B25C32F6F007F0C75 /* ExchangesUITests */,
			);
		};
/* End PBXProject section */

/* Begin PBXResourcesBuildPhase section */
		3B319D1925C32F6E007F0C75 /* Resources */ = {
			isa = PBXResourcesBuildPhase;
			buildActionMask = 2147483647;
			files = (
				3B319D2B25C32F6F007F0C75 /* LaunchScreen.storyboard in Resources */,
				3B319D2825C32F6F007F0C75 /* Assets.xcassets in Resources */,
			);
			runOnlyForDeploymentPostprocessing = 0;
		};
		3B319D2F25C32F6F007F0C75 /* Resources */ = {
			isa = PBXResourcesBuildPhase;
			buildActionMask = 2147483647;
			files = (
			);
			runOnlyForDeploymentPostprocessing = 0;
		};
		3B319D3A25C32F6F007F0C75 /* Resources */ = {
			isa = PBXResourcesBuildPhase;
			buildActionMask = 2147483647;
			files = (
			);
			runOnlyForDeploymentPostprocessing = 0;
		};
/* End PBXResourcesBuildPhase section */

/* Begin PBXShellScriptBuildPhase section */
		66937542270709C7DA869549 /* [CP] Check Pods Manifest.lock */ = {
			isa = PBXShellScriptBuildPhase;
			buildActionMask = 2147483647;
			files = (
			);
			inputFileListPaths = (
			);
			inputPaths = (
				"${PODS_PODFILE_DIR_PATH}/Podfile.lock",
				"${PODS_ROOT}/Manifest.lock",
			);
			name = "[CP] Check Pods Manifest.lock";
			outputFileListPaths = (
			);
			outputPaths = (
				"$(DERIVED_FILE_DIR)/Pods-Exchanges-ExchangesUITests-checkManifestLockResult.txt",
			);
			runOnlyForDeploymentPostprocessing = 0;
			shellPath = /bin/sh;
			shellScript = "diff \"${PODS_PODFILE_DIR_PATH}/Podfile.lock\" \"${PODS_ROOT}/Manifest.lock\" > /dev/null\nif [ $? != 0 ] ; then\n    # print error to STDERR\n    echo \"error: The sandbox is not in sync with the Podfile.lock. Run 'pod install' or update your CocoaPods installation.\" >&2\n    exit 1\nfi\n# This output is used by Xcode 'outputs' to avoid re-running this script phase.\necho \"SUCCESS\" > \"${SCRIPT_OUTPUT_FILE_0}\"\n";
			showEnvVarsInLog = 0;
		};
		6B274490B9FA96C3A8FAB940 /* [CP] Check Pods Manifest.lock */ = {
			isa = PBXShellScriptBuildPhase;
			buildActionMask = 2147483647;
			files = (
			);
			inputFileListPaths = (
			);
			inputPaths = (
				"${PODS_PODFILE_DIR_PATH}/Podfile.lock",
				"${PODS_ROOT}/Manifest.lock",
			);
			name = "[CP] Check Pods Manifest.lock";
			outputFileListPaths = (
			);
			outputPaths = (
				"$(DERIVED_FILE_DIR)/Pods-Exchanges-checkManifestLockResult.txt",
			);
			runOnlyForDeploymentPostprocessing = 0;
			shellPath = /bin/sh;
			shellScript = "diff \"${PODS_PODFILE_DIR_PATH}/Podfile.lock\" \"${PODS_ROOT}/Manifest.lock\" > /dev/null\nif [ $? != 0 ] ; then\n    # print error to STDERR\n    echo \"error: The sandbox is not in sync with the Podfile.lock. Run 'pod install' or update your CocoaPods installation.\" >&2\n    exit 1\nfi\n# This output is used by Xcode 'outputs' to avoid re-running this script phase.\necho \"SUCCESS\" > \"${SCRIPT_OUTPUT_FILE_0}\"\n";
			showEnvVarsInLog = 0;
		};
		C64542FEA0360FA4A8B6E869 /* [CP] Check Pods Manifest.lock */ = {
			isa = PBXShellScriptBuildPhase;
			buildActionMask = 2147483647;
			files = (
			);
			inputFileListPaths = (
			);
			inputPaths = (
				"${PODS_PODFILE_DIR_PATH}/Podfile.lock",
				"${PODS_ROOT}/Manifest.lock",
			);
			name = "[CP] Check Pods Manifest.lock";
			outputFileListPaths = (
			);
			outputPaths = (
				"$(DERIVED_FILE_DIR)/Pods-ExchangesTests-checkManifestLockResult.txt",
			);
			runOnlyForDeploymentPostprocessing = 0;
			shellPath = /bin/sh;
			shellScript = "diff \"${PODS_PODFILE_DIR_PATH}/Podfile.lock\" \"${PODS_ROOT}/Manifest.lock\" > /dev/null\nif [ $? != 0 ] ; then\n    # print error to STDERR\n    echo \"error: The sandbox is not in sync with the Podfile.lock. Run 'pod install' or update your CocoaPods installation.\" >&2\n    exit 1\nfi\n# This output is used by Xcode 'outputs' to avoid re-running this script phase.\necho \"SUCCESS\" > \"${SCRIPT_OUTPUT_FILE_0}\"\n";
			showEnvVarsInLog = 0;
		};
/* End PBXShellScriptBuildPhase section */

/* Begin PBXSourcesBuildPhase section */
		3B319D1725C32F6E007F0C75 /* Sources */ = {
			isa = PBXSourcesBuildPhase;
			buildActionMask = 2147483647;
			files = (
				3BD5249425C339FE00BD22DD /* ExchangesDetailCoordinator.swift in Sources */,
				3B1A775E25C3555100491AE4 /* Rates.swift in Sources */,
				3BD5248A25C3372700BD22DD /* Coordinator.swift in Sources */,
				3B319D6D25C33383007F0C75 /* ExchangesDetailViewModel.swift in Sources */,
				3B319D1F25C32F6E007F0C75 /* AppDelegate.swift in Sources */,
				3B319D6825C33346007F0C75 /* ExchangesListViewModel.swift in Sources */,
				3B319D6325C33337007F0C75 /* ExchangesListView.swift in Sources */,
				3B1A775925C3527400491AE4 /* ExchangesApi.swift in Sources */,
				3BD5248525C3370A00BD22DD /* ExchangesListCoordinator.swift in Sources */,
				3BD5248F25C338DA00BD22DD /* AppCoordinator.swift in Sources */,
				3B319D7225C333AB007F0C75 /* ExchangesDetailView.swift in Sources */,
				3B319D2125C32F6E007F0C75 /* SceneDelegate.swift in Sources */,
			);
			runOnlyForDeploymentPostprocessing = 0;
		};
		3B319D2D25C32F6F007F0C75 /* Sources */ = {
			isa = PBXSourcesBuildPhase;
			buildActionMask = 2147483647;
			files = (
				3B319D3625C32F6F007F0C75 /* ExchangesTests.swift in Sources */,
			);
			runOnlyForDeploymentPostprocessing = 0;
		};
		3B319D3825C32F6F007F0C75 /* Sources */ = {
			isa = PBXSourcesBuildPhase;
			buildActionMask = 2147483647;
			files = (
				3B319D4125C32F70007F0C75 /* ExchangesUITests.swift in Sources */,
			);
			runOnlyForDeploymentPostprocessing = 0;
		};
/* End PBXSourcesBuildPhase section */

/* Begin PBXTargetDependency section */
		3B319D3325C32F6F007F0C75 /* PBXTargetDependency */ = {
			isa = PBXTargetDependency;
			target = 3B319D1A25C32F6E007F0C75 /* Exchanges */;
			targetProxy = 3B319D3225C32F6F007F0C75 /* PBXContainerItemProxy */;
		};
		3B319D3E25C32F6F007F0C75 /* PBXTargetDependency */ = {
			isa = PBXTargetDependency;
			target = 3B319D1A25C32F6E007F0C75 /* Exchanges */;
			targetProxy = 3B319D3D25C32F6F007F0C75 /* PBXContainerItemProxy */;
		};
/* End PBXTargetDependency section */

/* Begin PBXVariantGroup section */
		3B319D2925C32F6F007F0C75 /* LaunchScreen.storyboard */ = {
			isa = PBXVariantGroup;
			children = (
				3B319D2A25C32F6F007F0C75 /* Base */,
			);
			name = LaunchScreen.storyboard;
			sourceTree = "<group>";
		};
/* End PBXVariantGroup section */

/* Begin XCBuildConfiguration section */
		3B319D4325C32F70007F0C75 /* Debug */ = {
			isa = XCBuildConfiguration;
			buildSettings = {
				ALWAYS_SEARCH_USER_PATHS = NO;
				CLANG_ANALYZER_NONNULL = YES;
				CLANG_ANALYZER_NUMBER_OBJECT_CONVERSION = YES_AGGRESSIVE;
				CLANG_CXX_LANGUAGE_STANDARD = "gnu++14";
				CLANG_CXX_LIBRARY = "libc++";
				CLANG_ENABLE_MODULES = YES;
				CLANG_ENABLE_OBJC_ARC = YES;
				CLANG_ENABLE_OBJC_WEAK = YES;
				CLANG_WARN_BLOCK_CAPTURE_AUTORELEASING = YES;
				CLANG_WARN_BOOL_CONVERSION = YES;
				CLANG_WARN_COMMA = YES;
				CLANG_WARN_CONSTANT_CONVERSION = YES;
				CLANG_WARN_DEPRECATED_OBJC_IMPLEMENTATIONS = YES;
				CLANG_WARN_DIRECT_OBJC_ISA_USAGE = YES_ERROR;
				CLANG_WARN_DOCUMENTATION_COMMENTS = YES;
				CLANG_WARN_EMPTY_BODY = YES;
				CLANG_WARN_ENUM_CONVERSION = YES;
				CLANG_WARN_INFINITE_RECURSION = YES;
				CLANG_WARN_INT_CONVERSION = YES;
				CLANG_WARN_NON_LITERAL_NULL_CONVERSION = YES;
				CLANG_WARN_OBJC_IMPLICIT_RETAIN_SELF = YES;
				CLANG_WARN_OBJC_LITERAL_CONVERSION = YES;
				CLANG_WARN_OBJC_ROOT_CLASS = YES_ERROR;
				CLANG_WARN_QUOTED_INCLUDE_IN_FRAMEWORK_HEADER = YES;
				CLANG_WARN_RANGE_LOOP_ANALYSIS = YES;
				CLANG_WARN_STRICT_PROTOTYPES = YES;
				CLANG_WARN_SUSPICIOUS_MOVE = YES;
				CLANG_WARN_UNGUARDED_AVAILABILITY = YES_AGGRESSIVE;
				CLANG_WARN_UNREACHABLE_CODE = YES;
				CLANG_WARN__DUPLICATE_METHOD_MATCH = YES;
				COPY_PHASE_STRIP = NO;
				DEBUG_INFORMATION_FORMAT = dwarf;
				ENABLE_STRICT_OBJC_MSGSEND = YES;
				ENABLE_TESTABILITY = YES;
				GCC_C_LANGUAGE_STANDARD = gnu11;
				GCC_DYNAMIC_NO_PIC = NO;
				GCC_NO_COMMON_BLOCKS = YES;
				GCC_OPTIMIZATION_LEVEL = 0;
				GCC_PREPROCESSOR_DEFINITIONS = (
					"DEBUG=1",
					"$(inherited)",
				);
				GCC_WARN_64_TO_32_BIT_CONVERSION = YES;
				GCC_WARN_ABOUT_RETURN_TYPE = YES_ERROR;
				GCC_WARN_UNDECLARED_SELECTOR = YES;
				GCC_WARN_UNINITIALIZED_AUTOS = YES_AGGRESSIVE;
				GCC_WARN_UNUSED_FUNCTION = YES;
				GCC_WARN_UNUSED_VARIABLE = YES;
				IPHONEOS_DEPLOYMENT_TARGET = 14.3;
				MTL_ENABLE_DEBUG_INFO = INCLUDE_SOURCE;
				MTL_FAST_MATH = YES;
				ONLY_ACTIVE_ARCH = YES;
				SDKROOT = iphoneos;
				SWIFT_ACTIVE_COMPILATION_CONDITIONS = DEBUG;
				SWIFT_OPTIMIZATION_LEVEL = "-Onone";
			};
			name = Debug;
		};
		3B319D4425C32F70007F0C75 /* Release */ = {
			isa = XCBuildConfiguration;
			buildSettings = {
				ALWAYS_SEARCH_USER_PATHS = NO;
				CLANG_ANALYZER_NONNULL = YES;
				CLANG_ANALYZER_NUMBER_OBJECT_CONVERSION = YES_AGGRESSIVE;
				CLANG_CXX_LANGUAGE_STANDARD = "gnu++14";
				CLANG_CXX_LIBRARY = "libc++";
				CLANG_ENABLE_MODULES = YES;
				CLANG_ENABLE_OBJC_ARC = YES;
				CLANG_ENABLE_OBJC_WEAK = YES;
				CLANG_WARN_BLOCK_CAPTURE_AUTORELEASING = YES;
				CLANG_WARN_BOOL_CONVERSION = YES;
				CLANG_WARN_COMMA = YES;
				CLANG_WARN_CONSTANT_CONVERSION = YES;
				CLANG_WARN_DEPRECATED_OBJC_IMPLEMENTATIONS = YES;
				CLANG_WARN_DIRECT_OBJC_ISA_USAGE = YES_ERROR;
				CLANG_WARN_DOCUMENTATION_COMMENTS = YES;
				CLANG_WARN_EMPTY_BODY = YES;
				CLANG_WARN_ENUM_CONVERSION = YES;
				CLANG_WARN_INFINITE_RECURSION = YES;
				CLANG_WARN_INT_CONVERSION = YES;
				CLANG_WARN_NON_LITERAL_NULL_CONVERSION = YES;
				CLANG_WARN_OBJC_IMPLICIT_RETAIN_SELF = YES;
				CLANG_WARN_OBJC_LITERAL_CONVERSION = YES;
				CLANG_WARN_OBJC_ROOT_CLASS = YES_ERROR;
				CLANG_WARN_QUOTED_INCLUDE_IN_FRAMEWORK_HEADER = YES;
				CLANG_WARN_RANGE_LOOP_ANALYSIS = YES;
				CLANG_WARN_STRICT_PROTOTYPES = YES;
				CLANG_WARN_SUSPICIOUS_MOVE = YES;
				CLANG_WARN_UNGUARDED_AVAILABILITY = YES_AGGRESSIVE;
				CLANG_WARN_UNREACHABLE_CODE = YES;
				CLANG_WARN__DUPLICATE_METHOD_MATCH = YES;
				COPY_PHASE_STRIP = NO;
				DEBUG_INFORMATION_FORMAT = "dwarf-with-dsym";
				ENABLE_NS_ASSERTIONS = NO;
				ENABLE_STRICT_OBJC_MSGSEND = YES;
				GCC_C_LANGUAGE_STANDARD = gnu11;
				GCC_NO_COMMON_BLOCKS = YES;
				GCC_WARN_64_TO_32_BIT_CONVERSION = YES;
				GCC_WARN_ABOUT_RETURN_TYPE = YES_ERROR;
				GCC_WARN_UNDECLARED_SELECTOR = YES;
				GCC_WARN_UNINITIALIZED_AUTOS = YES_AGGRESSIVE;
				GCC_WARN_UNUSED_FUNCTION = YES;
				GCC_WARN_UNUSED_VARIABLE = YES;
				IPHONEOS_DEPLOYMENT_TARGET = 14.3;
				MTL_ENABLE_DEBUG_INFO = NO;
				MTL_FAST_MATH = YES;
				SDKROOT = iphoneos;
				SWIFT_COMPILATION_MODE = wholemodule;
				SWIFT_OPTIMIZATION_LEVEL = "-O";
				VALIDATE_PRODUCT = YES;
			};
			name = Release;
		};
		3B319D4625C32F70007F0C75 /* Debug */ = {
			isa = XCBuildConfiguration;
			baseConfigurationReference = DFC4DEB3C7C3D6D90668F936 /* Pods-Exchanges.debug.xcconfig */;
			buildSettings = {
				ASSETCATALOG_COMPILER_APPICON_NAME = AppIcon;
				ASSETCATALOG_COMPILER_GLOBAL_ACCENT_COLOR_NAME = AccentColor;
				CODE_SIGN_STYLE = Automatic;
				DEVELOPMENT_TEAM = CJ382RZ845;
				INFOPLIST_FILE = Exchanges/Utilities/Info.plist;
				LD_RUNPATH_SEARCH_PATHS = (
					"$(inherited)",
					"@executable_path/Frameworks",
				);
				PRODUCT_BUNDLE_IDENTIFIER = com.Jakub.Exchanges;
				PRODUCT_NAME = "$(TARGET_NAME)";
				SWIFT_VERSION = 5.0;
				TARGETED_DEVICE_FAMILY = 1;
			};
			name = Debug;
		};
		3B319D4725C32F70007F0C75 /* Release */ = {
			isa = XCBuildConfiguration;
			baseConfigurationReference = 9C087DC45CB1D375D93B1556 /* Pods-Exchanges.release.xcconfig */;
			buildSettings = {
				ASSETCATALOG_COMPILER_APPICON_NAME = AppIcon;
				ASSETCATALOG_COMPILER_GLOBAL_ACCENT_COLOR_NAME = AccentColor;
				CODE_SIGN_STYLE = Automatic;
				DEVELOPMENT_TEAM = CJ382RZ845;
				INFOPLIST_FILE = Exchanges/Utilities/Info.plist;
				LD_RUNPATH_SEARCH_PATHS = (
					"$(inherited)",
					"@executable_path/Frameworks",
				);
				PRODUCT_BUNDLE_IDENTIFIER = com.Jakub.Exchanges;
				PRODUCT_NAME = "$(TARGET_NAME)";
				SWIFT_VERSION = 5.0;
				TARGETED_DEVICE_FAMILY = 1;
			};
			name = Release;
		};
		3B319D4925C32F70007F0C75 /* Debug */ = {
			isa = XCBuildConfiguration;
			baseConfigurationReference = F5B8724E6A5E131EEB4B242E /* Pods-ExchangesTests.debug.xcconfig */;
			buildSettings = {
				ALWAYS_EMBED_SWIFT_STANDARD_LIBRARIES = YES;
				BUNDLE_LOADER = "$(TEST_HOST)";
				CODE_SIGN_STYLE = Automatic;
				DEVELOPMENT_TEAM = CJ382RZ845;
				INFOPLIST_FILE = ExchangesTests/Info.plist;
				IPHONEOS_DEPLOYMENT_TARGET = 14.3;
				LD_RUNPATH_SEARCH_PATHS = (
					"$(inherited)",
					"@executable_path/Frameworks",
					"@loader_path/Frameworks",
				);
				PRODUCT_BUNDLE_IDENTIFIER = com.Jakub.ExchangesTests;
				PRODUCT_NAME = "$(TARGET_NAME)";
				SWIFT_VERSION = 5.0;
				TARGETED_DEVICE_FAMILY = "1,2";
				TEST_HOST = "$(BUILT_PRODUCTS_DIR)/Exchanges.app/Exchanges";
			};
			name = Debug;
		};
		3B319D4A25C32F70007F0C75 /* Release */ = {
			isa = XCBuildConfiguration;
			baseConfigurationReference = 9B428E3FAC3F546F0DEE2205 /* Pods-ExchangesTests.release.xcconfig */;
			buildSettings = {
				ALWAYS_EMBED_SWIFT_STANDARD_LIBRARIES = YES;
				BUNDLE_LOADER = "$(TEST_HOST)";
				CODE_SIGN_STYLE = Automatic;
				DEVELOPMENT_TEAM = CJ382RZ845;
				INFOPLIST_FILE = ExchangesTests/Info.plist;
				IPHONEOS_DEPLOYMENT_TARGET = 14.3;
				LD_RUNPATH_SEARCH_PATHS = (
					"$(inherited)",
					"@executable_path/Frameworks",
					"@loader_path/Frameworks",
				);
				PRODUCT_BUNDLE_IDENTIFIER = com.Jakub.ExchangesTests;
				PRODUCT_NAME = "$(TARGET_NAME)";
				SWIFT_VERSION = 5.0;
				TARGETED_DEVICE_FAMILY = "1,2";
				TEST_HOST = "$(BUILT_PRODUCTS_DIR)/Exchanges.app/Exchanges";
			};
			name = Release;
		};
		3B319D4C25C32F70007F0C75 /* Debug */ = {
			isa = XCBuildConfiguration;
			baseConfigurationReference = B978C799668EF86F584015D2 /* Pods-Exchanges-ExchangesUITests.debug.xcconfig */;
			buildSettings = {
				ALWAYS_EMBED_SWIFT_STANDARD_LIBRARIES = YES;
				CODE_SIGN_STYLE = Automatic;
				DEVELOPMENT_TEAM = CJ382RZ845;
				INFOPLIST_FILE = ExchangesUITests/Info.plist;
				LD_RUNPATH_SEARCH_PATHS = (
					"$(inherited)",
					"@executable_path/Frameworks",
					"@loader_path/Frameworks",
				);
				PRODUCT_BUNDLE_IDENTIFIER = com.Jakub.ExchangesUITests;
				PRODUCT_NAME = "$(TARGET_NAME)";
				SWIFT_VERSION = 5.0;
				TARGETED_DEVICE_FAMILY = "1,2";
				TEST_TARGET_NAME = Exchanges;
			};
			name = Debug;
		};
		3B319D4D25C32F70007F0C75 /* Release */ = {
			isa = XCBuildConfiguration;
			baseConfigurationReference = 2E73F61102542C10DEA11CB1 /* Pods-Exchanges-ExchangesUITests.release.xcconfig */;
			buildSettings = {
				ALWAYS_EMBED_SWIFT_STANDARD_LIBRARIES = YES;
				CODE_SIGN_STYLE = Automatic;
				DEVELOPMENT_TEAM = CJ382RZ845;
				INFOPLIST_FILE = ExchangesUITests/Info.plist;
				LD_RUNPATH_SEARCH_PATHS = (
					"$(inherited)",
					"@executable_path/Frameworks",
					"@loader_path/Frameworks",
				);
				PRODUCT_BUNDLE_IDENTIFIER = com.Jakub.ExchangesUITests;
				PRODUCT_NAME = "$(TARGET_NAME)";
				SWIFT_VERSION = 5.0;
				TARGETED_DEVICE_FAMILY = "1,2";
				TEST_TARGET_NAME = Exchanges;
			};
			name = Release;
		};
/* End XCBuildConfiguration section */

/* Begin XCConfigurationList section */
		3B319D1625C32F6E007F0C75 /* Build configuration list for PBXProject "Exchanges" */ = {
			isa = XCConfigurationList;
			buildConfigurations = (
				3B319D4325C32F70007F0C75 /* Debug */,
				3B319D4425C32F70007F0C75 /* Release */,
			);
			defaultConfigurationIsVisible = 0;
			defaultConfigurationName = Release;
		};
		3B319D4525C32F70007F0C75 /* Build configuration list for PBXNativeTarget "Exchanges" */ = {
			isa = XCConfigurationList;
			buildConfigurations = (
				3B319D4625C32F70007F0C75 /* Debug */,
				3B319D4725C32F70007F0C75 /* Release */,
			);
			defaultConfigurationIsVisible = 0;
			defaultConfigurationName = Release;
		};
		3B319D4825C32F70007F0C75 /* Build configuration list for PBXNativeTarget "ExchangesTests" */ = {
			isa = XCConfigurationList;
			buildConfigurations = (
				3B319D4925C32F70007F0C75 /* Debug */,
				3B319D4A25C32F70007F0C75 /* Release */,
			);
			defaultConfigurationIsVisible = 0;
			defaultConfigurationName = Release;
		};
		3B319D4B25C32F70007F0C75 /* Build configuration list for PBXNativeTarget "ExchangesUITests" */ = {
			isa = XCConfigurationList;
			buildConfigurations = (
				3B319D4C25C32F70007F0C75 /* Debug */,
				3B319D4D25C32F70007F0C75 /* Release */,
			);
			defaultConfigurationIsVisible = 0;
			defaultConfigurationName = Release;
		};
/* End XCConfigurationList section */
	};
	rootObject = 3B319D1325C32F6E007F0C75 /* Project object */;
}
